
Microsoft Visual Studio Solution File, Format Version 12.00
# Visual Studio Version 17
VisualStudioVersion = 17.1.32319.34
MinimumVisualStudioVersion = 10.0.40219.1
Project("{FAE04EC0-301F-11D3-BF4B-00C04F79EFBC}") = "DirectoryOfDoctors", "DirectoryOfDoctors\DirectoryOfDoctors.csproj", "{F578BA49-2D89-462E-B135-CCEA53CA499C}"
EndProject
Global
	GlobalSection(SolutionConfigurationPlatforms) = preSolution
		Debug|Any CPU = Debug|Any CPU
		Release|Any CPU = Release|Any CPU
	EndGlobalSection
	GlobalSection(ProjectConfigurationPlatforms) = postSolution
		{F578BA49-2D89-462E-B135-CCEA53CA499C}.Debug|Any CPU.ActiveCfg = Debug|Any CPU
		{F578BA49-2D89-462E-B135-CCEA53CA499C}.Debug|Any CPU.Build.0 = Debug|Any CPU
		{F578BA49-2D89-462E-B135-CCEA53CA499C}.Release|Any CPU.ActiveCfg = Release|Any CPU
		{F578BA49-2D89-462E-B135-CCEA53CA499C}.Release|Any CPU.Build.0 = Release|Any CPU
	EndGlobalSection
	GlobalSection(SolutionProperties) = preSolution
		HideSolutionNode = FALSE
	EndGlobalSection
	GlobalSection(ExtensibilityGlobals) = postSolution
		SolutionGuid = {C8C0C91D-67AE-4052-9693-42A75FEE6D9E}
	EndGlobalSection
EndGlobal
